// !$*UTF8*$!
{
	archiveVersion = 1;
	classes = {
	};
	objectVersion = 56;
	objects = {

/* Begin PBXBuildFile section */
		0D1540612D22EF5D00D6D63F /* AnalyticsEvent.swift in Sources */ = {isa = PBXBuildFile; fileRef = 0D1540602D22EF5D00D6D63F /* AnalyticsEvent.swift */; };
		0DF1D1402D22DC51001626E7 /* ServicesAssembler.swift in Sources */ = {isa = PBXBuildFile; fileRef = 0DF1D13F2D22DC4B001626E7 /* ServicesAssembler.swift */; };
		0DF1D1432D22DCD8001626E7 /* PerformOnce.swift in Sources */ = {isa = PBXBuildFile; fileRef = 0DF1D1422D22DCD2001626E7 /* PerformOnce.swift */; };
		0DF1D1452D22DD06001626E7 /* BitcoinRateService.swift in Sources */ = {isa = PBXBuildFile; fileRef = 0DF1D1442D22DCFF001626E7 /* BitcoinRateService.swift */; };
		0DF1D1472D22DD4A001626E7 /* AnalyticsService.swift in Sources */ = {isa = PBXBuildFile; fileRef = 0DF1D1462D22DD44001626E7 /* AnalyticsService.swift */; };
		1CA3B6562D22B0F500176711 /* AppDelegate.swift in Sources */ = {isa = PBXBuildFile; fileRef = 1CA3B6552D22B0F500176711 /* AppDelegate.swift */; };
		1CA3B6582D22B0F500176711 /* SceneDelegate.swift in Sources */ = {isa = PBXBuildFile; fileRef = 1CA3B6572D22B0F500176711 /* SceneDelegate.swift */; };
		1CA3B6602D22B0F500176711 /* TransactionsTestTask.xcdatamodeld in Sources */ = {isa = PBXBuildFile; fileRef = 1CA3B65E2D22B0F500176711 /* TransactionsTestTask.xcdatamodeld */; };
		1CA3B6622D22B0F600176711 /* Assets.xcassets in Resources */ = {isa = PBXBuildFile; fileRef = 1CA3B6612D22B0F600176711 /* Assets.xcassets */; };
		1CA3B6652D22B0F600176711 /* Base in Resources */ = {isa = PBXBuildFile; fileRef = 1CA3B6642D22B0F600176711 /* Base */; };
		1CA3B6702D22B0F600176711 /* TransactionsTestTaskTests.swift in Sources */ = {isa = PBXBuildFile; fileRef = 1CA3B66F2D22B0F600176711 /* TransactionsTestTaskTests.swift */; };
		792341B72D3D471700EDF716 /* AppCoordinatorViewModel.swift in Sources */ = {isa = PBXBuildFile; fileRef = 792341B62D3D471500EDF716 /* AppCoordinatorViewModel.swift */; };
		792341B92D3D477800EDF716 /* Attachable.swift in Sources */ = {isa = PBXBuildFile; fileRef = 792341B82D3D477100EDF716 /* Attachable.swift */; };
		792341BC2D3D7C5E00EDF716 /* BaseViewController.swift in Sources */ = {isa = PBXBuildFile; fileRef = 792341BB2D3D7C5C00EDF716 /* BaseViewController.swift */; };
		792341C12D3E56E900EDF716 /* bpi-currentprice.json in Resources */ = {isa = PBXBuildFile; fileRef = 792341C02D3E56E000EDF716 /* bpi-currentprice.json */; };
		792341C32D3E594300EDF716 /* NetworkService.swift in Sources */ = {isa = PBXBuildFile; fileRef = 792341C22D3E594200EDF716 /* NetworkService.swift */; };
		792341C82D3E5AD000EDF716 /* BPIRateEntities.swift in Sources */ = {isa = PBXBuildFile; fileRef = 792341C72D3E5ACF00EDF716 /* BPIRateEntities.swift */; };
		792341CC2D3E605E00EDF716 /* ErrorProcessor.swift in Sources */ = {isa = PBXBuildFile; fileRef = 792341CB2D3E605D00EDF716 /* ErrorProcessor.swift */; };
		792341CF2D3E626700EDF716 /* LocalizationConstants.swift in Sources */ = {isa = PBXBuildFile; fileRef = 792341CE2D3E626500EDF716 /* LocalizationConstants.swift */; };
		792341D52D3E8A4100EDF716 /* BPIRateFetcherService.swift in Sources */ = {isa = PBXBuildFile; fileRef = 792341D42D3E8A4000EDF716 /* BPIRateFetcherService.swift */; };
		792341DA2D3E914C00EDF716 /* APIEndpoint.swift in Sources */ = {isa = PBXBuildFile; fileRef = 792341D92D3E914900EDF716 /* APIEndpoint.swift */; };
		792341DF2D3FBC4300EDF716 /* ResponseProcessor.swift in Sources */ = {isa = PBXBuildFile; fileRef = 792341DE2D3FBC4000EDF716 /* ResponseProcessor.swift */; };
		792341E32D3FCE2C00EDF716 /* NetworkErrors.swift in Sources */ = {isa = PBXBuildFile; fileRef = 792341E22D3FCE2B00EDF716 /* NetworkErrors.swift */; };
		792341E92D3FF64500EDF716 /* BaseProtocols.swift in Sources */ = {isa = PBXBuildFile; fileRef = 792341E82D3FF63B00EDF716 /* BaseProtocols.swift */; };
		792341EB2D40201400EDF716 /* MainView.swift in Sources */ = {isa = PBXBuildFile; fileRef = 792341EA2D40201300EDF716 /* MainView.swift */; };
		792341ED2D40F55F00EDF716 /* BaseUIView.swift in Sources */ = {isa = PBXBuildFile; fileRef = 792341EC2D40F55300EDF716 /* BaseUIView.swift */; };
		792341F42D410E9300EDF716 /* CustomTableViewCell.swift in Sources */ = {isa = PBXBuildFile; fileRef = 792341F32D410E9200EDF716 /* CustomTableViewCell.swift */; };
		792341FB2D41160B00EDF716 /* UITableViewExtension.swift in Sources */ = {isa = PBXBuildFile; fileRef = 792341FA2D41160B00EDF716 /* UITableViewExtension.swift */; };
		792341FD2D41219000EDF716 /* transactions.json in Resources */ = {isa = PBXBuildFile; fileRef = 792341FC2D41218800EDF716 /* transactions.json */; };
		792341FF2D4122ED00EDF716 /* TransactionEntities.swift in Sources */ = {isa = PBXBuildFile; fileRef = 792341FE2D4122EA00EDF716 /* TransactionEntities.swift */; };
		792342012D412DE400EDF716 /* TransactionsService.swift in Sources */ = {isa = PBXBuildFile; fileRef = 792342002D412DE300EDF716 /* TransactionsService.swift */; };
		792342042D412E0C00EDF716 /* DateExtension.swift in Sources */ = {isa = PBXBuildFile; fileRef = 792342032D412E0900EDF716 /* DateExtension.swift */; };
		792342092D41493C00EDF716 /* AccountBalanceEntity.swift in Sources */ = {isa = PBXBuildFile; fileRef = 792342082D41492D00EDF716 /* AccountBalanceEntity.swift */; };
		7923420B2D41498900EDF716 /* AccountBalanceFetchService.swift in Sources */ = {isa = PBXBuildFile; fileRef = 7923420A2D41498700EDF716 /* AccountBalanceFetchService.swift */; };
		7923420F2D4166DC00EDF716 /* accountbalance.json in Resources */ = {isa = PBXBuildFile; fileRef = 7923420E2D4166D500EDF716 /* accountbalance.json */; };
		792342112D41742300EDF716 /* BPIRatePresentationModel.swift in Sources */ = {isa = PBXBuildFile; fileRef = 792342102D41742200EDF716 /* BPIRatePresentationModel.swift */; };
		792342132D417EF900EDF716 /* BalancePresentationModel.swift in Sources */ = {isa = PBXBuildFile; fileRef = 792342122D417EF500EDF716 /* BalancePresentationModel.swift */; };
		7923421A2D41A13900EDF716 /* Timer.swift in Sources */ = {isa = PBXBuildFile; fileRef = 792342192D41A13700EDF716 /* Timer.swift */; };
		7923421D2D41A32500EDF716 /* DispatchQueueExtension.swift in Sources */ = {isa = PBXBuildFile; fileRef = 7923421C2D41A32300EDF716 /* DispatchQueueExtension.swift */; };
		792342222D424F4C00EDF716 /* SubscriberLoggerImpl.swift in Sources */ = {isa = PBXBuildFile; fileRef = 792342212D424F4A00EDF716 /* SubscriberLoggerImpl.swift */; };
		792342292D46B4E800EDF716 /* UIAlertControllerExtension.swift in Sources */ = {isa = PBXBuildFile; fileRef = 792342282D46B4E700EDF716 /* UIAlertControllerExtension.swift */; };
		7923422B2D46CB7C00EDF716 /* EventHandler.swift in Sources */ = {isa = PBXBuildFile; fileRef = 7923422A2D46CB7A00EDF716 /* EventHandler.swift */; };
		792342312D4D35EF00EDF716 /* AccountBalanceService.swift in Sources */ = {isa = PBXBuildFile; fileRef = 7923422F2D4D35EF00EDF716 /* AccountBalanceService.swift */; };
		793B22992D3BE34F00720058 /* AppCoordinator.swift in Sources */ = {isa = PBXBuildFile; fileRef = 793B22982D3BE34D00720058 /* AppCoordinator.swift */; };
		793B229C2D3BE63300720058 /* MainViewController.swift in Sources */ = {isa = PBXBuildFile; fileRef = 793B229B2D3BE62B00720058 /* MainViewController.swift */; };
		793B229E2D3BE63E00720058 /* MainViewModel.swift in Sources */ = {isa = PBXBuildFile; fileRef = 793B229D2D3BE63800720058 /* MainViewModel.swift */; };
		79ACBF5B2D3D2B7A00EB9968 /* Eventable.swift in Sources */ = {isa = PBXBuildFile; fileRef = 79ACBF5A2D3D2B7A00EB9968 /* Eventable.swift */; };
/* End PBXBuildFile section */

/* Begin PBXContainerItemProxy section */
		1CA3B66C2D22B0F600176711 /* PBXContainerItemProxy */ = {
			isa = PBXContainerItemProxy;
			containerPortal = 1CA3B64A2D22B0F500176711 /* Project object */;
			proxyType = 1;
			remoteGlobalIDString = 1CA3B6512D22B0F500176711;
			remoteInfo = TransactionsTestTask;
		};
		1CA3B6762D22B0F600176711 /* PBXContainerItemProxy */ = {
			isa = PBXContainerItemProxy;
			containerPortal = 1CA3B64A2D22B0F500176711 /* Project object */;
			proxyType = 1;
			remoteGlobalIDString = 1CA3B6512D22B0F500176711;
			remoteInfo = TransactionsTestTask;
		};
/* End PBXContainerItemProxy section */

/* Begin PBXFileReference section */
		0D1540602D22EF5D00D6D63F /* AnalyticsEvent.swift */ = {isa = PBXFileReference; lastKnownFileType = sourcecode.swift; path = AnalyticsEvent.swift; sourceTree = "<group>"; };
		0DF1D13F2D22DC4B001626E7 /* ServicesAssembler.swift */ = {isa = PBXFileReference; lastKnownFileType = sourcecode.swift; path = ServicesAssembler.swift; sourceTree = "<group>"; };
		0DF1D1422D22DCD2001626E7 /* PerformOnce.swift */ = {isa = PBXFileReference; lastKnownFileType = sourcecode.swift; path = PerformOnce.swift; sourceTree = "<group>"; };
		0DF1D1442D22DCFF001626E7 /* BitcoinRateService.swift */ = {isa = PBXFileReference; lastKnownFileType = sourcecode.swift; path = BitcoinRateService.swift; sourceTree = "<group>"; };
		0DF1D1462D22DD44001626E7 /* AnalyticsService.swift */ = {isa = PBXFileReference; lastKnownFileType = sourcecode.swift; path = AnalyticsService.swift; sourceTree = "<group>"; };
		1CA3B6522D22B0F500176711 /* TransactionsTestTask.app */ = {isa = PBXFileReference; explicitFileType = wrapper.application; includeInIndex = 0; path = TransactionsTestTask.app; sourceTree = BUILT_PRODUCTS_DIR; };
		1CA3B6552D22B0F500176711 /* AppDelegate.swift */ = {isa = PBXFileReference; lastKnownFileType = sourcecode.swift; path = AppDelegate.swift; sourceTree = "<group>"; };
		1CA3B6572D22B0F500176711 /* SceneDelegate.swift */ = {isa = PBXFileReference; lastKnownFileType = sourcecode.swift; path = SceneDelegate.swift; sourceTree = "<group>"; };
		1CA3B65F2D22B0F500176711 /* TransactionsTestTask.xcdatamodel */ = {isa = PBXFileReference; lastKnownFileType = wrapper.xcdatamodel; path = TransactionsTestTask.xcdatamodel; sourceTree = "<group>"; };
		1CA3B6612D22B0F600176711 /* Assets.xcassets */ = {isa = PBXFileReference; lastKnownFileType = folder.assetcatalog; path = Assets.xcassets; sourceTree = "<group>"; };
		1CA3B6642D22B0F600176711 /* Base */ = {isa = PBXFileReference; lastKnownFileType = file.storyboard; name = Base; path = Base.lproj/LaunchScreen.storyboard; sourceTree = "<group>"; };
		1CA3B6662D22B0F600176711 /* Info.plist */ = {isa = PBXFileReference; lastKnownFileType = text.plist.xml; path = Info.plist; sourceTree = "<group>"; };
		1CA3B66B2D22B0F600176711 /* TransactionsTestTaskTests.xctest */ = {isa = PBXFileReference; explicitFileType = wrapper.cfbundle; includeInIndex = 0; path = TransactionsTestTaskTests.xctest; sourceTree = BUILT_PRODUCTS_DIR; };
		1CA3B66F2D22B0F600176711 /* TransactionsTestTaskTests.swift */ = {isa = PBXFileReference; lastKnownFileType = sourcecode.swift; path = TransactionsTestTaskTests.swift; sourceTree = "<group>"; };
		1CA3B6752D22B0F600176711 /* TransactionsTestTaskUITests.xctest */ = {isa = PBXFileReference; explicitFileType = wrapper.cfbundle; includeInIndex = 0; path = TransactionsTestTaskUITests.xctest; sourceTree = BUILT_PRODUCTS_DIR; };
		792341B62D3D471500EDF716 /* AppCoordinatorViewModel.swift */ = {isa = PBXFileReference; lastKnownFileType = sourcecode.swift; path = AppCoordinatorViewModel.swift; sourceTree = "<group>"; };
		792341B82D3D477100EDF716 /* Attachable.swift */ = {isa = PBXFileReference; lastKnownFileType = sourcecode.swift; path = Attachable.swift; sourceTree = "<group>"; };
		792341BB2D3D7C5C00EDF716 /* BaseViewController.swift */ = {isa = PBXFileReference; lastKnownFileType = sourcecode.swift; path = BaseViewController.swift; sourceTree = "<group>"; };
		792341C02D3E56E000EDF716 /* bpi-currentprice.json */ = {isa = PBXFileReference; lastKnownFileType = text.json; path = "bpi-currentprice.json"; sourceTree = "<group>"; };
		792341C22D3E594200EDF716 /* NetworkService.swift */ = {isa = PBXFileReference; lastKnownFileType = sourcecode.swift; path = NetworkService.swift; sourceTree = "<group>"; };
		792341C72D3E5ACF00EDF716 /* BPIRateEntities.swift */ = {isa = PBXFileReference; lastKnownFileType = sourcecode.swift; path = BPIRateEntities.swift; sourceTree = "<group>"; };
		792341CB2D3E605D00EDF716 /* ErrorProcessor.swift */ = {isa = PBXFileReference; lastKnownFileType = sourcecode.swift; path = ErrorProcessor.swift; sourceTree = "<group>"; };
		792341CE2D3E626500EDF716 /* LocalizationConstants.swift */ = {isa = PBXFileReference; lastKnownFileType = sourcecode.swift; path = LocalizationConstants.swift; sourceTree = "<group>"; };
		792341D42D3E8A4000EDF716 /* BPIRateFetcherService.swift */ = {isa = PBXFileReference; lastKnownFileType = sourcecode.swift; path = BPIRateFetcherService.swift; sourceTree = "<group>"; };
		792341D92D3E914900EDF716 /* APIEndpoint.swift */ = {isa = PBXFileReference; lastKnownFileType = sourcecode.swift; path = APIEndpoint.swift; sourceTree = "<group>"; };
		792341DE2D3FBC4000EDF716 /* ResponseProcessor.swift */ = {isa = PBXFileReference; lastKnownFileType = sourcecode.swift; path = ResponseProcessor.swift; sourceTree = "<group>"; };
		792341E22D3FCE2B00EDF716 /* NetworkErrors.swift */ = {isa = PBXFileReference; lastKnownFileType = sourcecode.swift; path = NetworkErrors.swift; sourceTree = "<group>"; };
		792341E82D3FF63B00EDF716 /* BaseProtocols.swift */ = {isa = PBXFileReference; lastKnownFileType = sourcecode.swift; path = BaseProtocols.swift; sourceTree = "<group>"; };
		792341EA2D40201300EDF716 /* MainView.swift */ = {isa = PBXFileReference; lastKnownFileType = sourcecode.swift; path = MainView.swift; sourceTree = "<group>"; };
		792341EC2D40F55300EDF716 /* BaseUIView.swift */ = {isa = PBXFileReference; lastKnownFileType = sourcecode.swift; path = BaseUIView.swift; sourceTree = "<group>"; };
		792341F32D410E9200EDF716 /* CustomTableViewCell.swift */ = {isa = PBXFileReference; lastKnownFileType = sourcecode.swift; path = CustomTableViewCell.swift; sourceTree = "<group>"; };
		792341FA2D41160B00EDF716 /* UITableViewExtension.swift */ = {isa = PBXFileReference; lastKnownFileType = sourcecode.swift; path = UITableViewExtension.swift; sourceTree = "<group>"; };
		792341FC2D41218800EDF716 /* transactions.json */ = {isa = PBXFileReference; lastKnownFileType = text.json; path = transactions.json; sourceTree = "<group>"; };
		792341FE2D4122EA00EDF716 /* TransactionEntities.swift */ = {isa = PBXFileReference; lastKnownFileType = sourcecode.swift; path = TransactionEntities.swift; sourceTree = "<group>"; };
		792342002D412DE300EDF716 /* TransactionsService.swift */ = {isa = PBXFileReference; lastKnownFileType = sourcecode.swift; path = TransactionsService.swift; sourceTree = "<group>"; };
		792342032D412E0900EDF716 /* DateExtension.swift */ = {isa = PBXFileReference; lastKnownFileType = sourcecode.swift; path = DateExtension.swift; sourceTree = "<group>"; };
		792342082D41492D00EDF716 /* AccountBalanceEntity.swift */ = {isa = PBXFileReference; lastKnownFileType = sourcecode.swift; path = AccountBalanceEntity.swift; sourceTree = "<group>"; };
		7923420A2D41498700EDF716 /* AccountBalanceFetchService.swift */ = {isa = PBXFileReference; lastKnownFileType = sourcecode.swift; path = AccountBalanceFetchService.swift; sourceTree = "<group>"; };
		7923420E2D4166D500EDF716 /* accountbalance.json */ = {isa = PBXFileReference; lastKnownFileType = text.json; path = accountbalance.json; sourceTree = "<group>"; };
		792342102D41742200EDF716 /* BPIRatePresentationModel.swift */ = {isa = PBXFileReference; lastKnownFileType = sourcecode.swift; path = BPIRatePresentationModel.swift; sourceTree = "<group>"; };
		792342122D417EF500EDF716 /* BalancePresentationModel.swift */ = {isa = PBXFileReference; lastKnownFileType = sourcecode.swift; path = BalancePresentationModel.swift; sourceTree = "<group>"; };
		792342192D41A13700EDF716 /* Timer.swift */ = {isa = PBXFileReference; lastKnownFileType = sourcecode.swift; path = Timer.swift; sourceTree = "<group>"; };
		7923421C2D41A32300EDF716 /* DispatchQueueExtension.swift */ = {isa = PBXFileReference; lastKnownFileType = sourcecode.swift; path = DispatchQueueExtension.swift; sourceTree = "<group>"; };
		792342212D424F4A00EDF716 /* SubscriberLoggerImpl.swift */ = {isa = PBXFileReference; lastKnownFileType = sourcecode.swift; path = SubscriberLoggerImpl.swift; sourceTree = "<group>"; };
		792342282D46B4E700EDF716 /* UIAlertControllerExtension.swift */ = {isa = PBXFileReference; lastKnownFileType = sourcecode.swift; path = UIAlertControllerExtension.swift; sourceTree = "<group>"; };
		7923422A2D46CB7A00EDF716 /* EventHandler.swift */ = {isa = PBXFileReference; lastKnownFileType = sourcecode.swift; path = EventHandler.swift; sourceTree = "<group>"; };
		7923422F2D4D35EF00EDF716 /* AccountBalanceService.swift */ = {isa = PBXFileReference; lastKnownFileType = sourcecode.swift; path = AccountBalanceService.swift; sourceTree = "<group>"; };
		793B22982D3BE34D00720058 /* AppCoordinator.swift */ = {isa = PBXFileReference; lastKnownFileType = sourcecode.swift; path = AppCoordinator.swift; sourceTree = "<group>"; };
		793B229B2D3BE62B00720058 /* MainViewController.swift */ = {isa = PBXFileReference; lastKnownFileType = sourcecode.swift; path = MainViewController.swift; sourceTree = "<group>"; };
		793B229D2D3BE63800720058 /* MainViewModel.swift */ = {isa = PBXFileReference; lastKnownFileType = sourcecode.swift; path = MainViewModel.swift; sourceTree = "<group>"; };
		79ACBF5A2D3D2B7A00EB9968 /* Eventable.swift */ = {isa = PBXFileReference; lastKnownFileType = sourcecode.swift; path = Eventable.swift; sourceTree = "<group>"; };
/* End PBXFileReference section */

/* Begin PBXFrameworksBuildPhase section */
		1CA3B64F2D22B0F500176711 /* Frameworks */ = {
			isa = PBXFrameworksBuildPhase;
			buildActionMask = 2147483647;
			files = (
			);
			runOnlyForDeploymentPostprocessing = 0;
		};
		1CA3B6682D22B0F600176711 /* Frameworks */ = {
			isa = PBXFrameworksBuildPhase;
			buildActionMask = 2147483647;
			files = (
			);
			runOnlyForDeploymentPostprocessing = 0;
		};
		1CA3B6722D22B0F600176711 /* Frameworks */ = {
			isa = PBXFrameworksBuildPhase;
			buildActionMask = 2147483647;
			files = (
			);
			runOnlyForDeploymentPostprocessing = 0;
		};
/* End PBXFrameworksBuildPhase section */

/* Begin PBXGroup section */
		0D15405F2D22EF3400D6D63F /* AnalyticsService */ = {
			isa = PBXGroup;
			children = (
				0DF1D1462D22DD44001626E7 /* AnalyticsService.swift */,
				0D1540602D22EF5D00D6D63F /* AnalyticsEvent.swift */,
			);
			path = AnalyticsService;
			sourceTree = "<group>";
		};
		0DF1D13E2D22DC2D001626E7 /* Services */ = {
			isa = PBXGroup;
			children = (
				792342302D4D35EF00EDF716 /* AccountBalanceSerice */,
				792342252D42787700EDF716 /* BitcoinRateService */,
				0DF1D1412D22DCC3001626E7 /* Helpers */,
				0D15405F2D22EF3400D6D63F /* AnalyticsService */,
				792341BD2D3E563C00EDF716 /* NetworkServices */,
				0DF1D13F2D22DC4B001626E7 /* ServicesAssembler.swift */,
				792342212D424F4A00EDF716 /* SubscriberLoggerImpl.swift */,
			);
			path = Services;
			sourceTree = "<group>";
		};
		0DF1D1412D22DCC3001626E7 /* Helpers */ = {
			isa = PBXGroup;
			children = (
				7923422A2D46CB7A00EDF716 /* EventHandler.swift */,
				0DF1D1422D22DCD2001626E7 /* PerformOnce.swift */,
			);
			path = Helpers;
			sourceTree = "<group>";
		};
		1CA3B6492D22B0F500176711 = {
			isa = PBXGroup;
			children = (
				1CA3B6542D22B0F500176711 /* TransactionsTestTask */,
				1CA3B66E2D22B0F600176711 /* TransactionsTestTaskTests */,
				1CA3B6532D22B0F500176711 /* Products */,
			);
			sourceTree = "<group>";
		};
		1CA3B6532D22B0F500176711 /* Products */ = {
			isa = PBXGroup;
			children = (
				1CA3B6522D22B0F500176711 /* TransactionsTestTask.app */,
				1CA3B66B2D22B0F600176711 /* TransactionsTestTaskTests.xctest */,
				1CA3B6752D22B0F600176711 /* TransactionsTestTaskUITests.xctest */,
			);
			name = Products;
			sourceTree = "<group>";
		};
		1CA3B6542D22B0F500176711 /* TransactionsTestTask */ = {
			isa = PBXGroup;
			children = (
				793B22942D3BDFCC00720058 /* Source */,
				793B22932D3BDFB200720058 /* InitialDelegates */,
				793B22922D3BDF7E00720058 /* LaunchScreen */,
				792341BE2D3E56A100EDF716 /* Resources */,
				1CA3B6662D22B0F600176711 /* Info.plist */,
				1CA3B65E2D22B0F500176711 /* TransactionsTestTask.xcdatamodeld */,
			);
			path = TransactionsTestTask;
			sourceTree = "<group>";
		};
		1CA3B66E2D22B0F600176711 /* TransactionsTestTaskTests */ = {
			isa = PBXGroup;
			children = (
				1CA3B66F2D22B0F600176711 /* TransactionsTestTaskTests.swift */,
			);
			path = TransactionsTestTaskTests;
			sourceTree = "<group>";
		};
		792341B42D3D41A300EDF716 /* MainFlow */ = {
			isa = PBXGroup;
			children = (
				792341F22D410E8400EDF716 /* Cell */,
				792341EA2D40201300EDF716 /* MainView.swift */,
				793B229D2D3BE63800720058 /* MainViewModel.swift */,
				793B229B2D3BE62B00720058 /* MainViewController.swift */,
			);
			path = MainFlow;
			sourceTree = "<group>";
		};
		792341B52D3D46E900EDF716 /* AppCoordinator */ = {
			isa = PBXGroup;
			children = (
				792341B62D3D471500EDF716 /* AppCoordinatorViewModel.swift */,
				793B22982D3BE34D00720058 /* AppCoordinator.swift */,
			);
			path = AppCoordinator;
			sourceTree = "<group>";
		};
		792341BA2D3D7C4400EDF716 /* BaseViewController */ = {
			isa = PBXGroup;
			children = (
				792341EC2D40F55300EDF716 /* BaseUIView.swift */,
				792341BB2D3D7C5C00EDF716 /* BaseViewController.swift */,
			);
			path = BaseViewController;
			sourceTree = "<group>";
		};
		792341BD2D3E563C00EDF716 /* NetworkServices */ = {
			isa = PBXGroup;
			children = (
				792341D32D3E8A2A00EDF716 /* EndpointServices */,
				792341D92D3E914900EDF716 /* APIEndpoint.swift */,
				792341C22D3E594200EDF716 /* NetworkService.swift */,
			);
			path = NetworkServices;
			sourceTree = "<group>";
		};
		792341BE2D3E56A100EDF716 /* Resources */ = {
			isa = PBXGroup;
			children = (
				793B22912D3BDF7300720058 /* Assets */,
				792341BF2D3E56D000EDF716 /* JSONs */,
			);
			path = Resources;
			sourceTree = "<group>";
		};
		792341BF2D3E56D000EDF716 /* JSONs */ = {
			isa = PBXGroup;
			children = (
				7923420E2D4166D500EDF716 /* accountbalance.json */,
				792341FC2D41218800EDF716 /* transactions.json */,
				792341C02D3E56E000EDF716 /* bpi-currentprice.json */,
			);
			path = JSONs;
			sourceTree = "<group>";
		};
		792341C92D3E5AD500EDF716 /* Entities */ = {
			isa = PBXGroup;
			children = (
				7923421E2D41B54400EDF716 /* Timer */,
				7923420D2D4159A600EDF716 /* PresentationModels */,
				7923420C2D41599000EDF716 /* APIModels */,
			);
			path = Entities;
			sourceTree = "<group>";
		};
		792341CD2D3E625300EDF716 /* Constants */ = {
			isa = PBXGroup;
			children = (
				792341CE2D3E626500EDF716 /* LocalizationConstants.swift */,
			);
			path = Constants;
			sourceTree = "<group>";
		};
		792341D32D3E8A2A00EDF716 /* EndpointServices */ = {
			isa = PBXGroup;
			children = (
				792341D42D3E8A4000EDF716 /* BPIRateFetcherService.swift */,
				792342002D412DE300EDF716 /* TransactionsService.swift */,
				7923420A2D41498700EDF716 /* AccountBalanceFetchService.swift */,
			);
			path = EndpointServices;
			sourceTree = "<group>";
		};
		792341E02D3FC07000EDF716 /* Processors */ = {
			isa = PBXGroup;
			children = (
				792341E52D3FDA5300EDF716 /* ErrorProcessor */,
				792341DE2D3FBC4000EDF716 /* ResponseProcessor.swift */,
			);
			path = Processors;
			sourceTree = "<group>";
		};
		792341E52D3FDA5300EDF716 /* ErrorProcessor */ = {
			isa = PBXGroup;
			children = (
				792341E22D3FCE2B00EDF716 /* NetworkErrors.swift */,
				792341CB2D3E605D00EDF716 /* ErrorProcessor.swift */,
			);
			path = ErrorProcessor;
			sourceTree = "<group>";
		};
		792341F22D410E8400EDF716 /* Cell */ = {
			isa = PBXGroup;
			children = (
				792341F32D410E9200EDF716 /* CustomTableViewCell.swift */,
			);
			path = Cell;
			sourceTree = "<group>";
		};
		792341F92D4115FA00EDF716 /* Extensions */ = {
			isa = PBXGroup;
			children = (
				7923421C2D41A32300EDF716 /* DispatchQueueExtension.swift */,
				792342032D412E0900EDF716 /* DateExtension.swift */,
				792341FA2D41160B00EDF716 /* UITableViewExtension.swift */,
				792342282D46B4E700EDF716 /* UIAlertControllerExtension.swift */,
			);
			path = Extensions;
			sourceTree = "<group>";
		};
		7923420C2D41599000EDF716 /* APIModels */ = {
			isa = PBXGroup;
			children = (
				792342082D41492D00EDF716 /* AccountBalanceEntity.swift */,
				792341FE2D4122EA00EDF716 /* TransactionEntities.swift */,
				792341C72D3E5ACF00EDF716 /* BPIRateEntities.swift */,
			);
			path = APIModels;
			sourceTree = "<group>";
		};
		7923420D2D4159A600EDF716 /* PresentationModels */ = {
			isa = PBXGroup;
			children = (
				792342122D417EF500EDF716 /* BalancePresentationModel.swift */,
				792342102D41742200EDF716 /* BPIRatePresentationModel.swift */,
			);
			path = PresentationModels;
			sourceTree = "<group>";
		};
		7923421E2D41B54400EDF716 /* Timer */ = {
			isa = PBXGroup;
			children = (
				792342192D41A13700EDF716 /* Timer.swift */,
			);
			path = Timer;
			sourceTree = "<group>";
		};
		792342252D42787700EDF716 /* BitcoinRateService */ = {
			isa = PBXGroup;
			children = (
				0DF1D1442D22DCFF001626E7 /* BitcoinRateService.swift */,
			);
			path = BitcoinRateService;
			sourceTree = "<group>";
		};
		792342302D4D35EF00EDF716 /* AccountBalanceSerice */ = {
			isa = PBXGroup;
			children = (
				7923422F2D4D35EF00EDF716 /* AccountBalanceService.swift */,
			);
			path = AccountBalanceSerice;
			sourceTree = "<group>";
		};
		793B22912D3BDF7300720058 /* Assets */ = {
			isa = PBXGroup;
			children = (
				1CA3B6612D22B0F600176711 /* Assets.xcassets */,
			);
			path = Assets;
			sourceTree = "<group>";
		};
		793B22922D3BDF7E00720058 /* LaunchScreen */ = {
			isa = PBXGroup;
			children = (
				1CA3B6632D22B0F600176711 /* LaunchScreen.storyboard */,
			);
			path = LaunchScreen;
			sourceTree = "<group>";
		};
		793B22932D3BDFB200720058 /* InitialDelegates */ = {
			isa = PBXGroup;
			children = (
				1CA3B6552D22B0F500176711 /* AppDelegate.swift */,
				1CA3B6572D22B0F500176711 /* SceneDelegate.swift */,
			);
			path = InitialDelegates;
			sourceTree = "<group>";
		};
		793B22942D3BDFCC00720058 /* Source */ = {
			isa = PBXGroup;
			children = (
				792341CD2D3E625300EDF716 /* Constants */,
				792341C92D3E5AD500EDF716 /* Entities */,
				79ACBF552D3D2B3800EB9968 /* Protocols */,
				792341F92D4115FA00EDF716 /* Extensions */,
				792341E02D3FC07000EDF716 /* Processors */,
				0DF1D13E2D22DC2D001626E7 /* Services */,
				793B22962D3BE32700720058 /* Coordinators */,
				793B229A2D3BE61300720058 /* Flows */,
			);
			path = Source;
			sourceTree = "<group>";
		};
		793B22962D3BE32700720058 /* Coordinators */ = {
			isa = PBXGroup;
			children = (
				792341B52D3D46E900EDF716 /* AppCoordinator */,
			);
			path = Coordinators;
			sourceTree = "<group>";
		};
		793B229A2D3BE61300720058 /* Flows */ = {
			isa = PBXGroup;
			children = (
				792341BA2D3D7C4400EDF716 /* BaseViewController */,
				792341B42D3D41A300EDF716 /* MainFlow */,
			);
			path = Flows;
			sourceTree = "<group>";
		};
		79ACBF552D3D2B3800EB9968 /* Protocols */ = {
			isa = PBXGroup;
			children = (
				792341E82D3FF63B00EDF716 /* BaseProtocols.swift */,
				792341B82D3D477100EDF716 /* Attachable.swift */,
				79ACBF5A2D3D2B7A00EB9968 /* Eventable.swift */,
			);
			path = Protocols;
			sourceTree = "<group>";
		};
/* End PBXGroup section */

/* Begin PBXNativeTarget section */
		1CA3B6512D22B0F500176711 /* TransactionsTestTask */ = {
			isa = PBXNativeTarget;
			buildConfigurationList = 1CA3B67F2D22B0F600176711 /* Build configuration list for PBXNativeTarget "TransactionsTestTask" */;
			buildPhases = (
				1CA3B64E2D22B0F500176711 /* Sources */,
				1CA3B64F2D22B0F500176711 /* Frameworks */,
				1CA3B6502D22B0F500176711 /* Resources */,
			);
			buildRules = (
			);
			dependencies = (
			);
			name = TransactionsTestTask;
			productName = TransactionsTestTask;
			productReference = 1CA3B6522D22B0F500176711 /* TransactionsTestTask.app */;
			productType = "com.apple.product-type.application";
		};
		1CA3B66A2D22B0F600176711 /* TransactionsTestTaskTests */ = {
			isa = PBXNativeTarget;
			buildConfigurationList = 1CA3B6822D22B0F600176711 /* Build configuration list for PBXNativeTarget "TransactionsTestTaskTests" */;
			buildPhases = (
				1CA3B6672D22B0F600176711 /* Sources */,
				1CA3B6682D22B0F600176711 /* Frameworks */,
				1CA3B6692D22B0F600176711 /* Resources */,
			);
			buildRules = (
			);
			dependencies = (
				1CA3B66D2D22B0F600176711 /* PBXTargetDependency */,
			);
			name = TransactionsTestTaskTests;
			productName = TransactionsTestTaskTests;
			productReference = 1CA3B66B2D22B0F600176711 /* TransactionsTestTaskTests.xctest */;
			productType = "com.apple.product-type.bundle.unit-test";
		};
		1CA3B6742D22B0F600176711 /* TransactionsTestTaskUITests */ = {
			isa = PBXNativeTarget;
			buildConfigurationList = 1CA3B6852D22B0F600176711 /* Build configuration list for PBXNativeTarget "TransactionsTestTaskUITests" */;
			buildPhases = (
				1CA3B6712D22B0F600176711 /* Sources */,
				1CA3B6722D22B0F600176711 /* Frameworks */,
				1CA3B6732D22B0F600176711 /* Resources */,
			);
			buildRules = (
			);
			dependencies = (
				1CA3B6772D22B0F600176711 /* PBXTargetDependency */,
			);
			name = TransactionsTestTaskUITests;
			productName = TransactionsTestTaskUITests;
			productReference = 1CA3B6752D22B0F600176711 /* TransactionsTestTaskUITests.xctest */;
			productType = "com.apple.product-type.bundle.ui-testing";
		};
/* End PBXNativeTarget section */

/* Begin PBXProject section */
		1CA3B64A2D22B0F500176711 /* Project object */ = {
			isa = PBXProject;
			attributes = {
				BuildIndependentTargetsInParallel = 1;
				LastSwiftUpdateCheck = 1540;
				LastUpgradeCheck = 1540;
				TargetAttributes = {
					1CA3B6512D22B0F500176711 = {
						CreatedOnToolsVersion = 15.4;
					};
					1CA3B66A2D22B0F600176711 = {
						CreatedOnToolsVersion = 15.4;
						TestTargetID = 1CA3B6512D22B0F500176711;
					};
					1CA3B6742D22B0F600176711 = {
						CreatedOnToolsVersion = 15.4;
						TestTargetID = 1CA3B6512D22B0F500176711;
					};
				};
			};
			buildConfigurationList = 1CA3B64D2D22B0F500176711 /* Build configuration list for PBXProject "TransactionsTestTask" */;
			compatibilityVersion = "Xcode 14.0";
			developmentRegion = en;
			hasScannedForEncodings = 0;
			knownRegions = (
				en,
				Base,
			);
			mainGroup = 1CA3B6492D22B0F500176711;
			productRefGroup = 1CA3B6532D22B0F500176711 /* Products */;
			projectDirPath = "";
			projectRoot = "";
			targets = (
				1CA3B6512D22B0F500176711 /* TransactionsTestTask */,
				1CA3B66A2D22B0F600176711 /* TransactionsTestTaskTests */,
				1CA3B6742D22B0F600176711 /* TransactionsTestTaskUITests */,
			);
		};
/* End PBXProject section */

/* Begin PBXResourcesBuildPhase section */
		1CA3B6502D22B0F500176711 /* Resources */ = {
			isa = PBXResourcesBuildPhase;
			buildActionMask = 2147483647;
			files = (
				1CA3B6622D22B0F600176711 /* Assets.xcassets in Resources */,
				7923420F2D4166DC00EDF716 /* accountbalance.json in Resources */,
				792341C12D3E56E900EDF716 /* bpi-currentprice.json in Resources */,
				792341FD2D41219000EDF716 /* transactions.json in Resources */,
				1CA3B6652D22B0F600176711 /* Base in Resources */,
			);
			runOnlyForDeploymentPostprocessing = 0;
		};
		1CA3B6692D22B0F600176711 /* Resources */ = {
			isa = PBXResourcesBuildPhase;
			buildActionMask = 2147483647;
			files = (
			);
			runOnlyForDeploymentPostprocessing = 0;
		};
		1CA3B6732D22B0F600176711 /* Resources */ = {
			isa = PBXResourcesBuildPhase;
			buildActionMask = 2147483647;
			files = (
			);
			runOnlyForDeploymentPostprocessing = 0;
		};
/* End PBXResourcesBuildPhase section */

/* Begin PBXSourcesBuildPhase section */
		1CA3B64E2D22B0F500176711 /* Sources */ = {
			isa = PBXSourcesBuildPhase;
			buildActionMask = 2147483647;
			files = (
				792342092D41493C00EDF716 /* AccountBalanceEntity.swift in Sources */,
				0D1540612D22EF5D00D6D63F /* AnalyticsEvent.swift in Sources */,
				0DF1D1432D22DCD8001626E7 /* PerformOnce.swift in Sources */,
				792341C32D3E594300EDF716 /* NetworkService.swift in Sources */,
				792341FB2D41160B00EDF716 /* UITableViewExtension.swift in Sources */,
				7923421D2D41A32500EDF716 /* DispatchQueueExtension.swift in Sources */,
				792341F42D410E9300EDF716 /* CustomTableViewCell.swift in Sources */,
				792341FF2D4122ED00EDF716 /* TransactionEntities.swift in Sources */,
				792342312D4D35EF00EDF716 /* AccountBalanceService.swift in Sources */,
				792342012D412DE400EDF716 /* TransactionsService.swift in Sources */,
				0DF1D1452D22DD06001626E7 /* BitcoinRateService.swift in Sources */,
				793B22992D3BE34F00720058 /* AppCoordinator.swift in Sources */,
				792341ED2D40F55F00EDF716 /* BaseUIView.swift in Sources */,
				792341B92D3D477800EDF716 /* Attachable.swift in Sources */,
				792341EB2D40201400EDF716 /* MainView.swift in Sources */,
				0DF1D1472D22DD4A001626E7 /* AnalyticsService.swift in Sources */,
				792341CF2D3E626700EDF716 /* LocalizationConstants.swift in Sources */,
				792341BC2D3D7C5E00EDF716 /* BaseViewController.swift in Sources */,
				792342042D412E0C00EDF716 /* DateExtension.swift in Sources */,
				792342132D417EF900EDF716 /* BalancePresentationModel.swift in Sources */,
				792341D52D3E8A4100EDF716 /* BPIRateFetcherService.swift in Sources */,
				1CA3B6562D22B0F500176711 /* AppDelegate.swift in Sources */,
				1CA3B6582D22B0F500176711 /* SceneDelegate.swift in Sources */,
				1CA3B6602D22B0F500176711 /* TransactionsTestTask.xcdatamodeld in Sources */,
				792341E32D3FCE2C00EDF716 /* NetworkErrors.swift in Sources */,
				792341E92D3FF64500EDF716 /* BaseProtocols.swift in Sources */,
				792341DA2D3E914C00EDF716 /* APIEndpoint.swift in Sources */,
				792342292D46B4E800EDF716 /* UIAlertControllerExtension.swift in Sources */,
				792341C82D3E5AD000EDF716 /* BPIRateEntities.swift in Sources */,
				792341CC2D3E605E00EDF716 /* ErrorProcessor.swift in Sources */,
				0DF1D1402D22DC51001626E7 /* ServicesAssembler.swift in Sources */,
				7923422B2D46CB7C00EDF716 /* EventHandler.swift in Sources */,
				7923420B2D41498900EDF716 /* AccountBalanceFetchService.swift in Sources */,
				792342112D41742300EDF716 /* BPIRatePresentationModel.swift in Sources */,
				7923421A2D41A13900EDF716 /* Timer.swift in Sources */,
				79ACBF5B2D3D2B7A00EB9968 /* Eventable.swift in Sources */,
				792341DF2D3FBC4300EDF716 /* ResponseProcessor.swift in Sources */,
				792341B72D3D471700EDF716 /* AppCoordinatorViewModel.swift in Sources */,
				792342222D424F4C00EDF716 /* SubscriberLoggerImpl.swift in Sources */,
				793B229C2D3BE63300720058 /* MainViewController.swift in Sources */,
				793B229E2D3BE63E00720058 /* MainViewModel.swift in Sources */,
			);
			runOnlyForDeploymentPostprocessing = 0;
		};
		1CA3B6672D22B0F600176711 /* Sources */ = {
			isa = PBXSourcesBuildPhase;
			buildActionMask = 2147483647;
			files = (
				1CA3B6702D22B0F600176711 /* TransactionsTestTaskTests.swift in Sources */,
			);
			runOnlyForDeploymentPostprocessing = 0;
		};
		1CA3B6712D22B0F600176711 /* Sources */ = {
			isa = PBXSourcesBuildPhase;
			buildActionMask = 2147483647;
			files = (
			);
			runOnlyForDeploymentPostprocessing = 0;
		};
/* End PBXSourcesBuildPhase section */

/* Begin PBXTargetDependency section */
		1CA3B66D2D22B0F600176711 /* PBXTargetDependency */ = {
			isa = PBXTargetDependency;
			target = 1CA3B6512D22B0F500176711 /* TransactionsTestTask */;
			targetProxy = 1CA3B66C2D22B0F600176711 /* PBXContainerItemProxy */;
		};
		1CA3B6772D22B0F600176711 /* PBXTargetDependency */ = {
			isa = PBXTargetDependency;
			target = 1CA3B6512D22B0F500176711 /* TransactionsTestTask */;
			targetProxy = 1CA3B6762D22B0F600176711 /* PBXContainerItemProxy */;
		};
/* End PBXTargetDependency section */

/* Begin PBXVariantGroup section */
		1CA3B6632D22B0F600176711 /* LaunchScreen.storyboard */ = {
			isa = PBXVariantGroup;
			children = (
				1CA3B6642D22B0F600176711 /* Base */,
			);
			name = LaunchScreen.storyboard;
			sourceTree = "<group>";
		};
/* End PBXVariantGroup section */

/* Begin XCBuildConfiguration section */
		1CA3B67D2D22B0F600176711 /* Debug */ = {
			isa = XCBuildConfiguration;
			buildSettings = {
				ALWAYS_SEARCH_USER_PATHS = NO;
				ASSETCATALOG_COMPILER_GENERATE_SWIFT_ASSET_SYMBOL_EXTENSIONS = YES;
				CLANG_ANALYZER_NONNULL = YES;
				CLANG_ANALYZER_NUMBER_OBJECT_CONVERSION = YES_AGGRESSIVE;
				CLANG_CXX_LANGUAGE_STANDARD = "gnu++20";
				CLANG_ENABLE_MODULES = YES;
				CLANG_ENABLE_OBJC_ARC = YES;
				CLANG_ENABLE_OBJC_WEAK = YES;
				CLANG_WARN_BLOCK_CAPTURE_AUTORELEASING = YES;
				CLANG_WARN_BOOL_CONVERSION = YES;
				CLANG_WARN_COMMA = YES;
				CLANG_WARN_CONSTANT_CONVERSION = YES;
				CLANG_WARN_DEPRECATED_OBJC_IMPLEMENTATIONS = YES;
				CLANG_WARN_DIRECT_OBJC_ISA_USAGE = YES_ERROR;
				CLANG_WARN_DOCUMENTATION_COMMENTS = YES;
				CLANG_WARN_EMPTY_BODY = YES;
				CLANG_WARN_ENUM_CONVERSION = YES;
				CLANG_WARN_INFINITE_RECURSION = YES;
				CLANG_WARN_INT_CONVERSION = YES;
				CLANG_WARN_NON_LITERAL_NULL_CONVERSION = YES;
				CLANG_WARN_OBJC_IMPLICIT_RETAIN_SELF = YES;
				CLANG_WARN_OBJC_LITERAL_CONVERSION = YES;
				CLANG_WARN_OBJC_ROOT_CLASS = YES_ERROR;
				CLANG_WARN_QUOTED_INCLUDE_IN_FRAMEWORK_HEADER = YES;
				CLANG_WARN_RANGE_LOOP_ANALYSIS = YES;
				CLANG_WARN_STRICT_PROTOTYPES = YES;
				CLANG_WARN_SUSPICIOUS_MOVE = YES;
				CLANG_WARN_UNGUARDED_AVAILABILITY = YES_AGGRESSIVE;
				CLANG_WARN_UNREACHABLE_CODE = YES;
				CLANG_WARN__DUPLICATE_METHOD_MATCH = YES;
				COPY_PHASE_STRIP = NO;
				DEBUG_INFORMATION_FORMAT = dwarf;
				ENABLE_STRICT_OBJC_MSGSEND = YES;
				ENABLE_TESTABILITY = YES;
				ENABLE_USER_SCRIPT_SANDBOXING = YES;
				GCC_C_LANGUAGE_STANDARD = gnu17;
				GCC_DYNAMIC_NO_PIC = NO;
				GCC_NO_COMMON_BLOCKS = YES;
				GCC_OPTIMIZATION_LEVEL = 0;
				GCC_PREPROCESSOR_DEFINITIONS = (
					"DEBUG=1",
					"$(inherited)",
				);
				GCC_WARN_64_TO_32_BIT_CONVERSION = YES;
				GCC_WARN_ABOUT_RETURN_TYPE = YES_ERROR;
				GCC_WARN_UNDECLARED_SELECTOR = YES;
				GCC_WARN_UNINITIALIZED_AUTOS = YES_AGGRESSIVE;
				GCC_WARN_UNUSED_FUNCTION = YES;
				GCC_WARN_UNUSED_VARIABLE = YES;
				IPHONEOS_DEPLOYMENT_TARGET = 17.5;
				LOCALIZATION_PREFERS_STRING_CATALOGS = YES;
				MTL_ENABLE_DEBUG_INFO = INCLUDE_SOURCE;
				MTL_FAST_MATH = YES;
				ONLY_ACTIVE_ARCH = YES;
				SDKROOT = iphoneos;
				SWIFT_ACTIVE_COMPILATION_CONDITIONS = "DEBUG $(inherited)";
				SWIFT_OPTIMIZATION_LEVEL = "-Onone";
			};
			name = Debug;
		};
		1CA3B67E2D22B0F600176711 /* Release */ = {
			isa = XCBuildConfiguration;
			buildSettings = {
				ALWAYS_SEARCH_USER_PATHS = NO;
				ASSETCATALOG_COMPILER_GENERATE_SWIFT_ASSET_SYMBOL_EXTENSIONS = YES;
				CLANG_ANALYZER_NONNULL = YES;
				CLANG_ANALYZER_NUMBER_OBJECT_CONVERSION = YES_AGGRESSIVE;
				CLANG_CXX_LANGUAGE_STANDARD = "gnu++20";
				CLANG_ENABLE_MODULES = YES;
				CLANG_ENABLE_OBJC_ARC = YES;
				CLANG_ENABLE_OBJC_WEAK = YES;
				CLANG_WARN_BLOCK_CAPTURE_AUTORELEASING = YES;
				CLANG_WARN_BOOL_CONVERSION = YES;
				CLANG_WARN_COMMA = YES;
				CLANG_WARN_CONSTANT_CONVERSION = YES;
				CLANG_WARN_DEPRECATED_OBJC_IMPLEMENTATIONS = YES;
				CLANG_WARN_DIRECT_OBJC_ISA_USAGE = YES_ERROR;
				CLANG_WARN_DOCUMENTATION_COMMENTS = YES;
				CLANG_WARN_EMPTY_BODY = YES;
				CLANG_WARN_ENUM_CONVERSION = YES;
				CLANG_WARN_INFINITE_RECURSION = YES;
				CLANG_WARN_INT_CONVERSION = YES;
				CLANG_WARN_NON_LITERAL_NULL_CONVERSION = YES;
				CLANG_WARN_OBJC_IMPLICIT_RETAIN_SELF = YES;
				CLANG_WARN_OBJC_LITERAL_CONVERSION = YES;
				CLANG_WARN_OBJC_ROOT_CLASS = YES_ERROR;
				CLANG_WARN_QUOTED_INCLUDE_IN_FRAMEWORK_HEADER = YES;
				CLANG_WARN_RANGE_LOOP_ANALYSIS = YES;
				CLANG_WARN_STRICT_PROTOTYPES = YES;
				CLANG_WARN_SUSPICIOUS_MOVE = YES;
				CLANG_WARN_UNGUARDED_AVAILABILITY = YES_AGGRESSIVE;
				CLANG_WARN_UNREACHABLE_CODE = YES;
				CLANG_WARN__DUPLICATE_METHOD_MATCH = YES;
				COPY_PHASE_STRIP = NO;
				DEBUG_INFORMATION_FORMAT = "dwarf-with-dsym";
				ENABLE_NS_ASSERTIONS = NO;
				ENABLE_STRICT_OBJC_MSGSEND = YES;
				ENABLE_USER_SCRIPT_SANDBOXING = YES;
				GCC_C_LANGUAGE_STANDARD = gnu17;
				GCC_NO_COMMON_BLOCKS = YES;
				GCC_WARN_64_TO_32_BIT_CONVERSION = YES;
				GCC_WARN_ABOUT_RETURN_TYPE = YES_ERROR;
				GCC_WARN_UNDECLARED_SELECTOR = YES;
				GCC_WARN_UNINITIALIZED_AUTOS = YES_AGGRESSIVE;
				GCC_WARN_UNUSED_FUNCTION = YES;
				GCC_WARN_UNUSED_VARIABLE = YES;
				IPHONEOS_DEPLOYMENT_TARGET = 17.5;
				LOCALIZATION_PREFERS_STRING_CATALOGS = YES;
				MTL_ENABLE_DEBUG_INFO = NO;
				MTL_FAST_MATH = YES;
				SDKROOT = iphoneos;
				SWIFT_COMPILATION_MODE = wholemodule;
				VALIDATE_PRODUCT = YES;
			};
			name = Release;
		};
		1CA3B6802D22B0F600176711 /* Debug */ = {
			isa = XCBuildConfiguration;
			buildSettings = {
				ASSETCATALOG_COMPILER_APPICON_NAME = AppIcon;
				ASSETCATALOG_COMPILER_GLOBAL_ACCENT_COLOR_NAME = AccentColor;
				CODE_SIGN_STYLE = Automatic;
				CURRENT_PROJECT_VERSION = 1;
				GENERATE_INFOPLIST_FILE = YES;
				INFOPLIST_FILE = TransactionsTestTask/Info.plist;
				INFOPLIST_KEY_UIApplicationSupportsIndirectInputEvents = YES;
				INFOPLIST_KEY_UILaunchStoryboardName = LaunchScreen;
				INFOPLIST_KEY_UIMainStoryboardFile = LaunchScreen;
				INFOPLIST_KEY_UISupportedInterfaceOrientations_iPad = "UIInterfaceOrientationPortrait UIInterfaceOrientationPortraitUpsideDown UIInterfaceOrientationLandscapeLeft UIInterfaceOrientationLandscapeRight";
				INFOPLIST_KEY_UISupportedInterfaceOrientations_iPhone = "UIInterfaceOrientationPortrait UIInterfaceOrientationLandscapeLeft UIInterfaceOrientationLandscapeRight";
				LD_RUNPATH_SEARCH_PATHS = (
					"$(inherited)",
					"@executable_path/Frameworks",
				);
				MARKETING_VERSION = 1.0;
				PRODUCT_BUNDLE_IDENTIFIER = com.obrio.TransactionsTestTask;
				PRODUCT_NAME = "$(TARGET_NAME)";
				SWIFT_EMIT_LOC_STRINGS = YES;
				SWIFT_VERSION = 5.0;
				TARGETED_DEVICE_FAMILY = "1,2";
			};
			name = Debug;
		};
		1CA3B6812D22B0F600176711 /* Release */ = {
			isa = XCBuildConfiguration;
			buildSettings = {
				ASSETCATALOG_COMPILER_APPICON_NAME = AppIcon;
				ASSETCATALOG_COMPILER_GLOBAL_ACCENT_COLOR_NAME = AccentColor;
				CODE_SIGN_STYLE = Automatic;
				CURRENT_PROJECT_VERSION = 1;
				GENERATE_INFOPLIST_FILE = YES;
				INFOPLIST_FILE = TransactionsTestTask/Info.plist;
				INFOPLIST_KEY_UIApplicationSupportsIndirectInputEvents = YES;
				INFOPLIST_KEY_UILaunchStoryboardName = LaunchScreen;
				INFOPLIST_KEY_UIMainStoryboardFile = LaunchScreen;
				INFOPLIST_KEY_UISupportedInterfaceOrientations_iPad = "UIInterfaceOrientationPortrait UIInterfaceOrientationPortraitUpsideDown UIInterfaceOrientationLandscapeLeft UIInterfaceOrientationLandscapeRight";
				INFOPLIST_KEY_UISupportedInterfaceOrientations_iPhone = "UIInterfaceOrientationPortrait UIInterfaceOrientationLandscapeLeft UIInterfaceOrientationLandscapeRight";
				LD_RUNPATH_SEARCH_PATHS = (
					"$(inherited)",
					"@executable_path/Frameworks",
				);
				MARKETING_VERSION = 1.0;
				PRODUCT_BUNDLE_IDENTIFIER = com.obrio.TransactionsTestTask;
				PRODUCT_NAME = "$(TARGET_NAME)";
				SWIFT_EMIT_LOC_STRINGS = YES;
				SWIFT_VERSION = 5.0;
				TARGETED_DEVICE_FAMILY = "1,2";
			};
			name = Release;
		};
		1CA3B6832D22B0F600176711 /* Debug */ = {
			isa = XCBuildConfiguration;
			buildSettings = {
				BUNDLE_LOADER = "$(TEST_HOST)";
				CODE_SIGN_STYLE = Automatic;
				CURRENT_PROJECT_VERSION = 1;
				GENERATE_INFOPLIST_FILE = YES;
				IPHONEOS_DEPLOYMENT_TARGET = 17.5;
				MARKETING_VERSION = 1.0;
				PRODUCT_BUNDLE_IDENTIFIER = com.obrio.TransactionsTestTaskTests;
				PRODUCT_NAME = "$(TARGET_NAME)";
				SWIFT_EMIT_LOC_STRINGS = NO;
				SWIFT_VERSION = 5.0;
				TARGETED_DEVICE_FAMILY = "1,2";
				TEST_HOST = "$(BUILT_PRODUCTS_DIR)/TransactionsTestTask.app/$(BUNDLE_EXECUTABLE_FOLDER_PATH)/TransactionsTestTask";
			};
			name = Debug;
		};
		1CA3B6842D22B0F600176711 /* Release */ = {
			isa = XCBuildConfiguration;
			buildSettings = {
				BUNDLE_LOADER = "$(TEST_HOST)";
				CODE_SIGN_STYLE = Automatic;
				CURRENT_PROJECT_VERSION = 1;
				GENERATE_INFOPLIST_FILE = YES;
				IPHONEOS_DEPLOYMENT_TARGET = 17.5;
				MARKETING_VERSION = 1.0;
				PRODUCT_BUNDLE_IDENTIFIER = com.obrio.TransactionsTestTaskTests;
				PRODUCT_NAME = "$(TARGET_NAME)";
				SWIFT_EMIT_LOC_STRINGS = NO;
				SWIFT_VERSION = 5.0;
				TARGETED_DEVICE_FAMILY = "1,2";
				TEST_HOST = "$(BUILT_PRODUCTS_DIR)/TransactionsTestTask.app/$(BUNDLE_EXECUTABLE_FOLDER_PATH)/TransactionsTestTask";
			};
			name = Release;
		};
		1CA3B6862D22B0F600176711 /* Debug */ = {
			isa = XCBuildConfiguration;
			buildSettings = {
				CODE_SIGN_STYLE = Automatic;
				CURRENT_PROJECT_VERSION = 1;
				GENERATE_INFOPLIST_FILE = YES;
				MARKETING_VERSION = 1.0;
				PRODUCT_BUNDLE_IDENTIFIER = com.obrio.TransactionsTestTaskUITests;
				PRODUCT_NAME = "$(TARGET_NAME)";
				SWIFT_EMIT_LOC_STRINGS = NO;
				SWIFT_VERSION = 5.0;
				TARGETED_DEVICE_FAMILY = "1,2";
				TEST_TARGET_NAME = TransactionsTestTask;
			};
			name = Debug;
		};
		1CA3B6872D22B0F600176711 /* Release */ = {
			isa = XCBuildConfiguration;
			buildSettings = {
				CODE_SIGN_STYLE = Automatic;
				CURRENT_PROJECT_VERSION = 1;
				GENERATE_INFOPLIST_FILE = YES;
				MARKETING_VERSION = 1.0;
				PRODUCT_BUNDLE_IDENTIFIER = com.obrio.TransactionsTestTaskUITests;
				PRODUCT_NAME = "$(TARGET_NAME)";
				SWIFT_EMIT_LOC_STRINGS = NO;
				SWIFT_VERSION = 5.0;
				TARGETED_DEVICE_FAMILY = "1,2";
				TEST_TARGET_NAME = TransactionsTestTask;
			};
			name = Release;
		};
/* End XCBuildConfiguration section */

/* Begin XCConfigurationList section */
		1CA3B64D2D22B0F500176711 /* Build configuration list for PBXProject "TransactionsTestTask" */ = {
			isa = XCConfigurationList;
			buildConfigurations = (
				1CA3B67D2D22B0F600176711 /* Debug */,
				1CA3B67E2D22B0F600176711 /* Release */,
			);
			defaultConfigurationIsVisible = 0;
			defaultConfigurationName = Release;
		};
		1CA3B67F2D22B0F600176711 /* Build configuration list for PBXNativeTarget "TransactionsTestTask" */ = {
			isa = XCConfigurationList;
			buildConfigurations = (
				1CA3B6802D22B0F600176711 /* Debug */,
				1CA3B6812D22B0F600176711 /* Release */,
			);
			defaultConfigurationIsVisible = 0;
			defaultConfigurationName = Release;
		};
		1CA3B6822D22B0F600176711 /* Build configuration list for PBXNativeTarget "TransactionsTestTaskTests" */ = {
			isa = XCConfigurationList;
			buildConfigurations = (
				1CA3B6832D22B0F600176711 /* Debug */,
				1CA3B6842D22B0F600176711 /* Release */,
			);
			defaultConfigurationIsVisible = 0;
			defaultConfigurationName = Release;
		};
		1CA3B6852D22B0F600176711 /* Build configuration list for PBXNativeTarget "TransactionsTestTaskUITests" */ = {
			isa = XCConfigurationList;
			buildConfigurations = (
				1CA3B6862D22B0F600176711 /* Debug */,
				1CA3B6872D22B0F600176711 /* Release */,
			);
			defaultConfigurationIsVisible = 0;
			defaultConfigurationName = Release;
		};
/* End XCConfigurationList section */

/* Begin XCVersionGroup section */
		1CA3B65E2D22B0F500176711 /* TransactionsTestTask.xcdatamodeld */ = {
			isa = XCVersionGroup;
			children = (
				1CA3B65F2D22B0F500176711 /* TransactionsTestTask.xcdatamodel */,
			);
			currentVersion = 1CA3B65F2D22B0F500176711 /* TransactionsTestTask.xcdatamodel */;
			path = TransactionsTestTask.xcdatamodeld;
			sourceTree = "<group>";
			versionGroupType = wrapper.xcdatamodel;
		};
/* End XCVersionGroup section */
	};
	rootObject = 1CA3B64A2D22B0F500176711 /* Project object */;
}
